
Microsoft Visual Studio Solution File, Format Version 12.00
# Visual Studio Version 16
VisualStudioVersion = 16.0.31019.35
MinimumVisualStudioVersion = 10.0.40219.1
Project("{8BC9CEB8-8B4A-11D0-8D11-00A0C91BC942}") = "Scroller", "Scroller\Scroller.vcxproj", "{3D37804E-2D86-4AD8-A587-92FBC21B18AB}"
EndProject
Global
	GlobalSection(SolutionConfigurationPlatforms) = preSolution
		Debug|x64 = Debug|x64
		Debug|x86 = Debug|x86
		Release|x64 = Release|x64
		Release|x86 = Release|x86
	EndGlobalSection
	GlobalSection(ProjectConfigurationPlatforms) = postSolution
		{3D37804E-2D86-4AD8-A587-92FBC21B18AB}.Debug|x64.ActiveCfg = Debug|x64
		{3D37804E-2D86-4AD8-A587-92FBC21B18AB}.Debug|x64.Build.0 = Debug|x64
		{3D37804E-2D86-4AD8-A587-92FBC21B18AB}.Debug|x86.ActiveCfg = Debug|Win32
		{3D37804E-2D86-4AD8-A587-92FBC21B18AB}.Debug|x86.Build.0 = Debug|Win32
		{3D37804E-2D86-4AD8-A587-92FBC21B18AB}.Release|x64.ActiveCfg = Release|x64
		{3D37804E-2D86-4AD8-A587-92FBC21B18AB}.Release|x64.Build.0 = Release|x64
		{3D37804E-2D86-4AD8-A587-92FBC21B18AB}.Release|x86.ActiveCfg = Release|Win32
		{3D37804E-2D86-4AD8-A587-92FBC21B18AB}.Release|x86.Build.0 = Release|Win32
	EndGlobalSection
	GlobalSection(SolutionProperties) = preSolution
		HideSolutionNode = FALSE
	EndGlobalSection
	GlobalSection(ExtensibilityGlobals) = postSolution
		SolutionGuid = {BDA1508D-AE92-4C64-BE69-5E248997A5EA}
	EndGlobalSection
EndGlobal
